
Microsoft Visual Studio Solution File, Format Version 12.00
# Visual Studio Version 16
VisualStudioVersion = 16.0.31019.35
MinimumVisualStudioVersion = 10.0.40219.1
Project("{FAE04EC0-301F-11D3-BF4B-00C04F79EFBC}") = "ConsoleAppAsync", "ConsoleAppAsync\ConsoleAppAsync.csproj", "{BE5D9640-EC5F-49D1-AD4B-EF8046C8FFA9}"
EndProject
Global
	GlobalSection(SolutionConfigurationPlatforms) = preSolution
		Debug|Any CPU = Debug|Any CPU
		Release|Any CPU = Release|Any CPU
	EndGlobalSection
	GlobalSection(ProjectConfigurationPlatforms) = postSolution
		{BE5D9640-EC5F-49D1-AD4B-EF8046C8FFA9}.Debug|Any CPU.ActiveCfg = Debug|Any CPU
		{BE5D9640-EC5F-49D1-AD4B-EF8046C8FFA9}.Debug|Any CPU.Build.0 = Debug|Any CPU
		{BE5D9640-EC5F-49D1-AD4B-EF8046C8FFA9}.Release|Any CPU.ActiveCfg = Release|Any CPU
		{BE5D9640-EC5F-49D1-AD4B-EF8046C8FFA9}.Release|Any CPU.Build.0 = Release|Any CPU
	EndGlobalSection
	GlobalSection(SolutionProperties) = preSolution
		HideSolutionNode = FALSE
	EndGlobalSection
	GlobalSection(ExtensibilityGlobals) = postSolution
		SolutionGuid = {971E62F5-D2C3-4499-B69E-93A96112229D}
	EndGlobalSection
EndGlobal
